// !$*UTF8*$!
{
	archiveVersion = 1;
	classes = {
	};
	objectVersion = 56;
	objects = {

/* Begin PBXBuildFile section */
		C81E549E2BF3FA2C00AC973C /* BuscarCepApp.swift in Sources */ = {isa = PBXBuildFile; fileRef = C81E549D2BF3FA2C00AC973C /* BuscarCepApp.swift */; };
		C81E54A02BF3FA2C00AC973C /* ContentView.swift in Sources */ = {isa = PBXBuildFile; fileRef = C81E549F2BF3FA2C00AC973C /* ContentView.swift */; };
		C81E54A22BF3FA2F00AC973C /* Assets.xcassets in Resources */ = {isa = PBXBuildFile; fileRef = C81E54A12BF3FA2F00AC973C /* Assets.xcassets */; };
		C81E54A52BF3FA2F00AC973C /* Preview Assets.xcassets in Resources */ = {isa = PBXBuildFile; fileRef = C81E54A42BF3FA2F00AC973C /* Preview Assets.xcassets */; };
		C81E54AF2BF3FA2F00AC973C /* BuscarCepTests.swift in Sources */ = {isa = PBXBuildFile; fileRef = C81E54AE2BF3FA2F00AC973C /* BuscarCepTests.swift */; };
		C81E54B92BF3FA2F00AC973C /* BuscarCepUITests.swift in Sources */ = {isa = PBXBuildFile; fileRef = C81E54B82BF3FA2F00AC973C /* BuscarCepUITests.swift */; };
		C81E54BB2BF3FA2F00AC973C /* BuscarCepUITestsLaunchTests.swift in Sources */ = {isa = PBXBuildFile; fileRef = C81E54BA2BF3FA2F00AC973C /* BuscarCepUITestsLaunchTests.swift */; };
/* End PBXBuildFile section */

/* Begin PBXContainerItemProxy section */
		C81E54AB2BF3FA2F00AC973C /* PBXContainerItemProxy */ = {
			isa = PBXContainerItemProxy;
			containerPortal = C81E54922BF3FA2C00AC973C /* Project object */;
			proxyType = 1;
			remoteGlobalIDString = C81E54992BF3FA2C00AC973C;
			remoteInfo = BuscarCep;
		};
		C81E54B52BF3FA2F00AC973C /* PBXContainerItemProxy */ = {
			isa = PBXContainerItemProxy;
			containerPortal = C81E54922BF3FA2C00AC973C /* Project object */;
			proxyType = 1;
			remoteGlobalIDString = C81E54992BF3FA2C00AC973C;
			remoteInfo = BuscarCep;
		};
/* End PBXContainerItemProxy section */

/* Begin PBXFileReference section */
		C81E549A2BF3FA2C00AC973C /* BuscarCep.app */ = {isa = PBXFileReference; explicitFileType = wrapper.application; includeInIndex = 0; path = BuscarCep.app; sourceTree = BUILT_PRODUCTS_DIR; };
		C81E549D2BF3FA2C00AC973C /* BuscarCepApp.swift */ = {isa = PBXFileReference; lastKnownFileType = sourcecode.swift; path = BuscarCepApp.swift; sourceTree = "<group>"; };
		C81E549F2BF3FA2C00AC973C /* ContentView.swift */ = {isa = PBXFileReference; lastKnownFileType = sourcecode.swift; path = ContentView.swift; sourceTree = "<group>"; };
		C81E54A12BF3FA2F00AC973C /* Assets.xcassets */ = {isa = PBXFileReference; lastKnownFileType = folder.assetcatalog; path = Assets.xcassets; sourceTree = "<group>"; };
		C81E54A42BF3FA2F00AC973C /* Preview Assets.xcassets */ = {isa = PBXFileReference; lastKnownFileType = folder.assetcatalog; path = "Preview Assets.xcassets"; sourceTree = "<group>"; };
		C81E54AA2BF3FA2F00AC973C /* BuscarCepTests.xctest */ = {isa = PBXFileReference; explicitFileType = wrapper.cfbundle; includeInIndex = 0; path = BuscarCepTests.xctest; sourceTree = BUILT_PRODUCTS_DIR; };
		C81E54AE2BF3FA2F00AC973C /* BuscarCepTests.swift */ = {isa = PBXFileReference; lastKnownFileType = sourcecode.swift; path = BuscarCepTests.swift; sourceTree = "<group>"; };
		C81E54B42BF3FA2F00AC973C /* BuscarCepUITests.xctest */ = {isa = PBXFileReference; explicitFileType = wrapper.cfbundle; includeInIndex = 0; path = BuscarCepUITests.xctest; sourceTree = BUILT_PRODUCTS_DIR; };
		C81E54B82BF3FA2F00AC973C /* BuscarCepUITests.swift */ = {isa = PBXFileReference; lastKnownFileType = sourcecode.swift; path = BuscarCepUITests.swift; sourceTree = "<group>"; };
		C81E54BA2BF3FA2F00AC973C /* BuscarCepUITestsLaunchTests.swift */ = {isa = PBXFileReference; lastKnownFileType = sourcecode.swift; path = BuscarCepUITestsLaunchTests.swift; sourceTree = "<group>"; };
/* End PBXFileReference section */

/* Begin PBXFrameworksBuildPhase section */
		C81E54972BF3FA2C00AC973C /* Frameworks */ = {
			isa = PBXFrameworksBuildPhase;
			buildActionMask = 2147483647;
			files = (
			);
			runOnlyForDeploymentPostprocessing = 0;
		};
		C81E54A72BF3FA2F00AC973C /* Frameworks */ = {
			isa = PBXFrameworksBuildPhase;
			buildActionMask = 2147483647;
			files = (
			);
			runOnlyForDeploymentPostprocessing = 0;
		};
		C81E54B12BF3FA2F00AC973C /* Frameworks */ = {
			isa = PBXFrameworksBuildPhase;
			buildActionMask = 2147483647;
			files = (
			);
			runOnlyForDeploymentPostprocessing = 0;
		};
/* End PBXFrameworksBuildPhase section */

/* Begin PBXGroup section */
		C81E54912BF3FA2C00AC973C = {
			isa = PBXGroup;
			children = (
				C81E549C2BF3FA2C00AC973C /* BuscarCep */,
				C81E54AD2BF3FA2F00AC973C /* BuscarCepTests */,
				C81E54B72BF3FA2F00AC973C /* BuscarCepUITests */,
				C81E549B2BF3FA2C00AC973C /* Products */,
			);
			sourceTree = "<group>";
		};
		C81E549B2BF3FA2C00AC973C /* Products */ = {
			isa = PBXGroup;
			children = (
				C81E549A2BF3FA2C00AC973C /* BuscarCep.app */,
				C81E54AA2BF3FA2F00AC973C /* BuscarCepTests.xctest */,
				C81E54B42BF3FA2F00AC973C /* BuscarCepUITests.xctest */,
			);
			name = Products;
			sourceTree = "<group>";
		};
		C81E549C2BF3FA2C00AC973C /* BuscarCep */ = {
			isa = PBXGroup;
			children = (
				C81E549D2BF3FA2C00AC973C /* BuscarCepApp.swift */,
				C81E549F2BF3FA2C00AC973C /* ContentView.swift */,
				C81E54A12BF3FA2F00AC973C /* Assets.xcassets */,
				C81E54A32BF3FA2F00AC973C /* Preview Content */,
			);
			path = BuscarCep;
			sourceTree = "<group>";
		};
		C81E54A32BF3FA2F00AC973C /* Preview Content */ = {
			isa = PBXGroup;
			children = (
				C81E54A42BF3FA2F00AC973C /* Preview Assets.xcassets */,
			);
			path = "Preview Content";
			sourceTree = "<group>";
		};
		C81E54AD2BF3FA2F00AC973C /* BuscarCepTests */ = {
			isa = PBXGroup;
			children = (
				C81E54AE2BF3FA2F00AC973C /* BuscarCepTests.swift */,
			);
			path = BuscarCepTests;
			sourceTree = "<group>";
		};
		C81E54B72BF3FA2F00AC973C /* BuscarCepUITests */ = {
			isa = PBXGroup;
			children = (
				C81E54B82BF3FA2F00AC973C /* BuscarCepUITests.swift */,
				C81E54BA2BF3FA2F00AC973C /* BuscarCepUITestsLaunchTests.swift */,
			);
			path = BuscarCepUITests;
			sourceTree = "<group>";
		};
/* End PBXGroup section */

/* Begin PBXNativeTarget section */
		C81E54992BF3FA2C00AC973C /* BuscarCep */ = {
			isa = PBXNativeTarget;
			buildConfigurationList = C81E54BE2BF3FA2F00AC973C /* Build configuration list for PBXNativeTarget "BuscarCep" */;
			buildPhases = (
				C81E54962BF3FA2C00AC973C /* Sources */,
				C81E54972BF3FA2C00AC973C /* Frameworks */,
				C81E54982BF3FA2C00AC973C /* Resources */,
			);
			buildRules = (
			);
			dependencies = (
			);
			name = BuscarCep;
			productName = BuscarCep;
			productReference = C81E549A2BF3FA2C00AC973C /* BuscarCep.app */;
			productType = "com.apple.product-type.application";
		};
		C81E54A92BF3FA2F00AC973C /* BuscarCepTests */ = {
			isa = PBXNativeTarget;
			buildConfigurationList = C81E54C12BF3FA2F00AC973C /* Build configuration list for PBXNativeTarget "BuscarCepTests" */;
			buildPhases = (
				C81E54A62BF3FA2F00AC973C /* Sources */,
				C81E54A72BF3FA2F00AC973C /* Frameworks */,
				C81E54A82BF3FA2F00AC973C /* Resources */,
			);
			buildRules = (
			);
			dependencies = (
				C81E54AC2BF3FA2F00AC973C /* PBXTargetDependency */,
			);
			name = BuscarCepTests;
			productName = BuscarCepTests;
			productReference = C81E54AA2BF3FA2F00AC973C /* BuscarCepTests.xctest */;
			productType = "com.apple.product-type.bundle.unit-test";
		};
		C81E54B32BF3FA2F00AC973C /* BuscarCepUITests */ = {
			isa = PBXNativeTarget;
			buildConfigurationList = C81E54C42BF3FA2F00AC973C /* Build configuration list for PBXNativeTarget "BuscarCepUITests" */;
			buildPhases = (
				C81E54B02BF3FA2F00AC973C /* Sources */,
				C81E54B12BF3FA2F00AC973C /* Frameworks */,
				C81E54B22BF3FA2F00AC973C /* Resources */,
			);
			buildRules = (
			);
			dependencies = (
				C81E54B62BF3FA2F00AC973C /* PBXTargetDependency */,
			);
			name = BuscarCepUITests;
			productName = BuscarCepUITests;
			productReference = C81E54B42BF3FA2F00AC973C /* BuscarCepUITests.xctest */;
			productType = "com.apple.product-type.bundle.ui-testing";
		};
/* End PBXNativeTarget section */

/* Begin PBXProject section */
		C81E54922BF3FA2C00AC973C /* Project object */ = {
			isa = PBXProject;
			attributes = {
				BuildIndependentTargetsInParallel = 1;
				LastSwiftUpdateCheck = 1530;
				LastUpgradeCheck = 1530;
				TargetAttributes = {
					C81E54992BF3FA2C00AC973C = {
						CreatedOnToolsVersion = 15.3;
					};
					C81E54A92BF3FA2F00AC973C = {
						CreatedOnToolsVersion = 15.3;
						TestTargetID = C81E54992BF3FA2C00AC973C;
					};
					C81E54B32BF3FA2F00AC973C = {
						CreatedOnToolsVersion = 15.3;
						TestTargetID = C81E54992BF3FA2C00AC973C;
					};
				};
			};
			buildConfigurationList = C81E54952BF3FA2C00AC973C /* Build configuration list for PBXProject "BuscarCep" */;
			compatibilityVersion = "Xcode 14.0";
			developmentRegion = en;
			hasScannedForEncodings = 0;
			knownRegions = (
				en,
				Base,
			);
			mainGroup = C81E54912BF3FA2C00AC973C;
			productRefGroup = C81E549B2BF3FA2C00AC973C /* Products */;
			projectDirPath = "";
			projectRoot = "";
			targets = (
				C81E54992BF3FA2C00AC973C /* BuscarCep */,
				C81E54A92BF3FA2F00AC973C /* BuscarCepTests */,
				C81E54B32BF3FA2F00AC973C /* BuscarCepUITests */,
			);
		};
/* End PBXProject section */

/* Begin PBXResourcesBuildPhase section */
		C81E54982BF3FA2C00AC973C /* Resources */ = {
			isa = PBXResourcesBuildPhase;
			buildActionMask = 2147483647;
			files = (
				C81E54A52BF3FA2F00AC973C /* Preview Assets.xcassets in Resources */,
				C81E54A22BF3FA2F00AC973C /* Assets.xcassets in Resources */,
			);
			runOnlyForDeploymentPostprocessing = 0;
		};
		C81E54A82BF3FA2F00AC973C /* Resources */ = {
			isa = PBXResourcesBuildPhase;
			buildActionMask = 2147483647;
			files = (
			);
			runOnlyForDeploymentPostprocessing = 0;
		};
		C81E54B22BF3FA2F00AC973C /* Resources */ = {
			isa = PBXResourcesBuildPhase;
			buildActionMask = 2147483647;
			files = (
			);
			runOnlyForDeploymentPostprocessing = 0;
		};
/* End PBXResourcesBuildPhase section */

/* Begin PBXSourcesBuildPhase section */
		C81E54962BF3FA2C00AC973C /* Sources */ = {
			isa = PBXSourcesBuildPhase;
			buildActionMask = 2147483647;
			files = (
				C81E54A02BF3FA2C00AC973C /* ContentView.swift in Sources */,
				C81E549E2BF3FA2C00AC973C /* BuscarCepApp.swift in Sources */,
			);
			runOnlyForDeploymentPostprocessing = 0;
		};
		C81E54A62BF3FA2F00AC973C /* Sources */ = {
			isa = PBXSourcesBuildPhase;
			buildActionMask = 2147483647;
			files = (
				C81E54AF2BF3FA2F00AC973C /* BuscarCepTests.swift in Sources */,
			);
			runOnlyForDeploymentPostprocessing = 0;
		};
		C81E54B02BF3FA2F00AC973C /* Sources */ = {
			isa = PBXSourcesBuildPhase;
			buildActionMask = 2147483647;
			files = (
				C81E54B92BF3FA2F00AC973C /* BuscarCepUITests.swift in Sources */,
				C81E54BB2BF3FA2F00AC973C /* BuscarCepUITestsLaunchTests.swift in Sources */,
			);
			runOnlyForDeploymentPostprocessing = 0;
		};
/* End PBXSourcesBuildPhase section */

/* Begin PBXTargetDependency section */
		C81E54AC2BF3FA2F00AC973C /* PBXTargetDependency */ = {
			isa = PBXTargetDependency;
			target = C81E54992BF3FA2C00AC973C /* BuscarCep */;
			targetProxy = C81E54AB2BF3FA2F00AC973C /* PBXContainerItemProxy */;
		};
		C81E54B62BF3FA2F00AC973C /* PBXTargetDependency */ = {
			isa = PBXTargetDependency;
			target = C81E54992BF3FA2C00AC973C /* BuscarCep */;
			targetProxy = C81E54B52BF3FA2F00AC973C /* PBXContainerItemProxy */;
		};
/* End PBXTargetDependency section */

/* Begin XCBuildConfiguration section */
		C81E54BC2BF3FA2F00AC973C /* Debug */ = {
			isa = XCBuildConfiguration;
			buildSettings = {
				ALWAYS_SEARCH_USER_PATHS = NO;
				ASSETCATALOG_COMPILER_GENERATE_SWIFT_ASSET_SYMBOL_EXTENSIONS = YES;
				CLANG_ANALYZER_NONNULL = YES;
				CLANG_ANALYZER_NUMBER_OBJECT_CONVERSION = YES_AGGRESSIVE;
				CLANG_CXX_LANGUAGE_STANDARD = "gnu++20";
				CLANG_ENABLE_MODULES = YES;
				CLANG_ENABLE_OBJC_ARC = YES;
				CLANG_ENABLE_OBJC_WEAK = YES;
				CLANG_WARN_BLOCK_CAPTURE_AUTORELEASING = YES;
				CLANG_WARN_BOOL_CONVERSION = YES;
				CLANG_WARN_COMMA = YES;
				CLANG_WARN_CONSTANT_CONVERSION = YES;
				CLANG_WARN_DEPRECATED_OBJC_IMPLEMENTATIONS = YES;
				CLANG_WARN_DIRECT_OBJC_ISA_USAGE = YES_ERROR;
				CLANG_WARN_DOCUMENTATION_COMMENTS = YES;
				CLANG_WARN_EMPTY_BODY = YES;
				CLANG_WARN_ENUM_CONVERSION = YES;
				CLANG_WARN_INFINITE_RECURSION = YES;
				CLANG_WARN_INT_CONVERSION = YES;
				CLANG_WARN_NON_LITERAL_NULL_CONVERSION = YES;
				CLANG_WARN_OBJC_IMPLICIT_RETAIN_SELF = YES;
				CLANG_WARN_OBJC_LITERAL_CONVERSION = YES;
				CLANG_WARN_OBJC_ROOT_CLASS = YES_ERROR;
				CLANG_WARN_QUOTED_INCLUDE_IN_FRAMEWORK_HEADER = YES;
				CLANG_WARN_RANGE_LOOP_ANALYSIS = YES;
				CLANG_WARN_STRICT_PROTOTYPES = YES;
				CLANG_WARN_SUSPICIOUS_MOVE = YES;
				CLANG_WARN_UNGUARDED_AVAILABILITY = YES_AGGRESSIVE;
				CLANG_WARN_UNREACHABLE_CODE = YES;
				CLANG_WARN__DUPLICATE_METHOD_MATCH = YES;
				COPY_PHASE_STRIP = NO;
				DEBUG_INFORMATION_FORMAT = dwarf;
				ENABLE_STRICT_OBJC_MSGSEND = YES;
				ENABLE_TESTABILITY = YES;
				ENABLE_USER_SCRIPT_SANDBOXING = YES;
				GCC_C_LANGUAGE_STANDARD = gnu17;
				GCC_DYNAMIC_NO_PIC = NO;
				GCC_NO_COMMON_BLOCKS = YES;
				GCC_OPTIMIZATION_LEVEL = 0;
				GCC_PREPROCESSOR_DEFINITIONS = (
					"DEBUG=1",
					"$(inherited)",
				);
				GCC_WARN_64_TO_32_BIT_CONVERSION = YES;
				GCC_WARN_ABOUT_RETURN_TYPE = YES_ERROR;
				GCC_WARN_UNDECLARED_SELECTOR = YES;
				GCC_WARN_UNINITIALIZED_AUTOS = YES_AGGRESSIVE;
				GCC_WARN_UNUSED_FUNCTION = YES;
				GCC_WARN_UNUSED_VARIABLE = YES;
				IPHONEOS_DEPLOYMENT_TARGET = 17.4;
				LOCALIZATION_PREFERS_STRING_CATALOGS = YES;
				MTL_ENABLE_DEBUG_INFO = INCLUDE_SOURCE;
				MTL_FAST_MATH = YES;
				ONLY_ACTIVE_ARCH = YES;
				SDKROOT = iphoneos;
				SWIFT_ACTIVE_COMPILATION_CONDITIONS = "DEBUG $(inherited)";
				SWIFT_OPTIMIZATION_LEVEL = "-Onone";
			};
			name = Debug;
		};
		C81E54BD2BF3FA2F00AC973C /* Release */ = {
			isa = XCBuildConfiguration;
			buildSettings = {
				ALWAYS_SEARCH_USER_PATHS = NO;
				ASSETCATALOG_COMPILER_GENERATE_SWIFT_ASSET_SYMBOL_EXTENSIONS = YES;
				CLANG_ANALYZER_NONNULL = YES;
				CLANG_ANALYZER_NUMBER_OBJECT_CONVERSION = YES_AGGRESSIVE;
				CLANG_CXX_LANGUAGE_STANDARD = "gnu++20";
				CLANG_ENABLE_MODULES = YES;
				CLANG_ENABLE_OBJC_ARC = YES;
				CLANG_ENABLE_OBJC_WEAK = YES;
				CLANG_WARN_BLOCK_CAPTURE_AUTORELEASING = YES;
				CLANG_WARN_BOOL_CONVERSION = YES;
				CLANG_WARN_COMMA = YES;
				CLANG_WARN_CONSTANT_CONVERSION = YES;
				CLANG_WARN_DEPRECATED_OBJC_IMPLEMENTATIONS = YES;
				CLANG_WARN_DIRECT_OBJC_ISA_USAGE = YES_ERROR;
				CLANG_WARN_DOCUMENTATION_COMMENTS = YES;
				CLANG_WARN_EMPTY_BODY = YES;
				CLANG_WARN_ENUM_CONVERSION = YES;
				CLANG_WARN_INFINITE_RECURSION = YES;
				CLANG_WARN_INT_CONVERSION = YES;
				CLANG_WARN_NON_LITERAL_NULL_CONVERSION = YES;
				CLANG_WARN_OBJC_IMPLICIT_RETAIN_SELF = YES;
				CLANG_WARN_OBJC_LITERAL_CONVERSION = YES;
				CLANG_WARN_OBJC_ROOT_CLASS = YES_ERROR;
				CLANG_WARN_QUOTED_INCLUDE_IN_FRAMEWORK_HEADER = YES;
				CLANG_WARN_RANGE_LOOP_ANALYSIS = YES;
				CLANG_WARN_STRICT_PROTOTYPES = YES;
				CLANG_WARN_SUSPICIOUS_MOVE = YES;
				CLANG_WARN_UNGUARDED_AVAILABILITY = YES_AGGRESSIVE;
				CLANG_WARN_UNREACHABLE_CODE = YES;
				CLANG_WARN__DUPLICATE_METHOD_MATCH = YES;
				COPY_PHASE_STRIP = NO;
				DEBUG_INFORMATION_FORMAT = "dwarf-with-dsym";
				ENABLE_NS_ASSERTIONS = NO;
				ENABLE_STRICT_OBJC_MSGSEND = YES;
				ENABLE_USER_SCRIPT_SANDBOXING = YES;
				GCC_C_LANGUAGE_STANDARD = gnu17;
				GCC_NO_COMMON_BLOCKS = YES;
				GCC_WARN_64_TO_32_BIT_CONVERSION = YES;
				GCC_WARN_ABOUT_RETURN_TYPE = YES_ERROR;
				GCC_WARN_UNDECLARED_SELECTOR = YES;
				GCC_WARN_UNINITIALIZED_AUTOS = YES_AGGRESSIVE;
				GCC_WARN_UNUSED_FUNCTION = YES;
				GCC_WARN_UNUSED_VARIABLE = YES;
				IPHONEOS_DEPLOYMENT_TARGET = 17.4;
				LOCALIZATION_PREFERS_STRING_CATALOGS = YES;
				MTL_ENABLE_DEBUG_INFO = NO;
				MTL_FAST_MATH = YES;
				SDKROOT = iphoneos;
				SWIFT_COMPILATION_MODE = wholemodule;
				VALIDATE_PRODUCT = YES;
			};
			name = Release;
		};
		C81E54BF2BF3FA2F00AC973C /* Debug */ = {
			isa = XCBuildConfiguration;
			buildSettings = {
				ASSETCATALOG_COMPILER_APPICON_NAME = AppIcon;
				ASSETCATALOG_COMPILER_GLOBAL_ACCENT_COLOR_NAME = AccentColor;
				CODE_SIGN_STYLE = Automatic;
				CURRENT_PROJECT_VERSION = 1;
				DEVELOPMENT_ASSET_PATHS = "\"BuscarCep/Preview Content\"";
				DEVELOPMENT_TEAM = M85NA78LP9;
				ENABLE_PREVIEWS = YES;
				GENERATE_INFOPLIST_FILE = YES;
				INFOPLIST_KEY_UIApplicationSceneManifest_Generation = YES;
				INFOPLIST_KEY_UIApplicationSupportsIndirectInputEvents = YES;
				INFOPLIST_KEY_UILaunchScreen_Generation = YES;
				INFOPLIST_KEY_UISupportedInterfaceOrientations_iPad = "UIInterfaceOrientationPortrait UIInterfaceOrientationPortraitUpsideDown UIInterfaceOrientationLandscapeLeft UIInterfaceOrientationLandscapeRight";
				INFOPLIST_KEY_UISupportedInterfaceOrientations_iPhone = "UIInterfaceOrientationPortrait UIInterfaceOrientationLandscapeLeft UIInterfaceOrientationLandscapeRight";
				LD_RUNPATH_SEARCH_PATHS = (
					"$(inherited)",
					"@executable_path/Frameworks",
				);
				MARKETING_VERSION = 1.0;
				PRODUCT_BUNDLE_IDENTIFIER = gabrielbarbosaapp.BuscarCep;
				PRODUCT_NAME = "$(TARGET_NAME)";
				SWIFT_EMIT_LOC_STRINGS = YES;
				SWIFT_VERSION = 5.0;
				TARGETED_DEVICE_FAMILY = "1,2";
			};
			name = Debug;
		};
		C81E54C02BF3FA2F00AC973C /* Release */ = {
			isa = XCBuildConfiguration;
			buildSettings = {
				ASSETCATALOG_COMPILER_APPICON_NAME = AppIcon;
				ASSETCATALOG_COMPILER_GLOBAL_ACCENT_COLOR_NAME = AccentColor;
				CODE_SIGN_STYLE = Automatic;
				CURRENT_PROJECT_VERSION = 1;
				DEVELOPMENT_ASSET_PATHS = "\"BuscarCep/Preview Content\"";
				DEVELOPMENT_TEAM = M85NA78LP9;
				ENABLE_PREVIEWS = YES;
				GENERATE_INFOPLIST_FILE = YES;
				INFOPLIST_KEY_UIApplicationSceneManifest_Generation = YES;
				INFOPLIST_KEY_UIApplicationSupportsIndirectInputEvents = YES;
				INFOPLIST_KEY_UILaunchScreen_Generation = YES;
				INFOPLIST_KEY_UISupportedInterfaceOrientations_iPad = "UIInterfaceOrientationPortrait UIInterfaceOrientationPortraitUpsideDown UIInterfaceOrientationLandscapeLeft UIInterfaceOrientationLandscapeRight";
				INFOPLIST_KEY_UISupportedInterfaceOrientations_iPhone = "UIInterfaceOrientationPortrait UIInterfaceOrientationLandscapeLeft UIInterfaceOrientationLandscapeRight";
				LD_RUNPATH_SEARCH_PATHS = (
					"$(inherited)",
					"@executable_path/Frameworks",
				);
				MARKETING_VERSION = 1.0;
				PRODUCT_BUNDLE_IDENTIFIER = gabrielbarbosaapp.BuscarCep;
				PRODUCT_NAME = "$(TARGET_NAME)";
				SWIFT_EMIT_LOC_STRINGS = YES;
				SWIFT_VERSION = 5.0;
				TARGETED_DEVICE_FAMILY = "1,2";
			};
			name = Release;
		};
		C81E54C22BF3FA2F00AC973C /* Debug */ = {
			isa = XCBuildConfiguration;
			buildSettings = {
				ALWAYS_EMBED_SWIFT_STANDARD_LIBRARIES = YES;
				BUNDLE_LOADER = "$(TEST_HOST)";
				CODE_SIGN_STYLE = Automatic;
				CURRENT_PROJECT_VERSION = 1;
				DEVELOPMENT_TEAM = M85NA78LP9;
				GENERATE_INFOPLIST_FILE = YES;
				IPHONEOS_DEPLOYMENT_TARGET = 17.4;
				MARKETING_VERSION = 1.0;
				PRODUCT_BUNDLE_IDENTIFIER = gabrielbarbosaapp.BuscarCepTests;
				PRODUCT_NAME = "$(TARGET_NAME)";
				SWIFT_EMIT_LOC_STRINGS = NO;
				SWIFT_VERSION = 5.0;
				TARGETED_DEVICE_FAMILY = "1,2";
				TEST_HOST = "$(BUILT_PRODUCTS_DIR)/BuscarCep.app/$(BUNDLE_EXECUTABLE_FOLDER_PATH)/BuscarCep";
			};
			name = Debug;
		};
		C81E54C32BF3FA2F00AC973C /* Release */ = {
			isa = XCBuildConfiguration;
			buildSettings = {
				ALWAYS_EMBED_SWIFT_STANDARD_LIBRARIES = YES;
				BUNDLE_LOADER = "$(TEST_HOST)";
				CODE_SIGN_STYLE = Automatic;
				CURRENT_PROJECT_VERSION = 1;
				DEVELOPMENT_TEAM = M85NA78LP9;
				GENERATE_INFOPLIST_FILE = YES;
				IPHONEOS_DEPLOYMENT_TARGET = 17.4;
				MARKETING_VERSION = 1.0;
				PRODUCT_BUNDLE_IDENTIFIER = gabrielbarbosaapp.BuscarCepTests;
				PRODUCT_NAME = "$(TARGET_NAME)";
				SWIFT_EMIT_LOC_STRINGS = NO;
				SWIFT_VERSION = 5.0;
				TARGETED_DEVICE_FAMILY = "1,2";
				TEST_HOST = "$(BUILT_PRODUCTS_DIR)/BuscarCep.app/$(BUNDLE_EXECUTABLE_FOLDER_PATH)/BuscarCep";
			};
			name = Release;
		};
		C81E54C52BF3FA2F00AC973C /* Debug */ = {
			isa = XCBuildConfiguration;
			buildSettings = {
				ALWAYS_EMBED_SWIFT_STANDARD_LIBRARIES = YES;
				CODE_SIGN_STYLE = Automatic;
				CURRENT_PROJECT_VERSION = 1;
				DEVELOPMENT_TEAM = M85NA78LP9;
				GENERATE_INFOPLIST_FILE = YES;
				MARKETING_VERSION = 1.0;
				PRODUCT_BUNDLE_IDENTIFIER = gabrielbarbosaapp.BuscarCepUITests;
				PRODUCT_NAME = "$(TARGET_NAME)";
				SWIFT_EMIT_LOC_STRINGS = NO;
				SWIFT_VERSION = 5.0;
				TARGETED_DEVICE_FAMILY = "1,2";
				TEST_TARGET_NAME = BuscarCep;
			};
			name = Debug;
		};
		C81E54C62BF3FA2F00AC973C /* Release */ = {
			isa = XCBuildConfiguration;
			buildSettings = {
				ALWAYS_EMBED_SWIFT_STANDARD_LIBRARIES = YES;
				CODE_SIGN_STYLE = Automatic;
				CURRENT_PROJECT_VERSION = 1;
				DEVELOPMENT_TEAM = M85NA78LP9;
				GENERATE_INFOPLIST_FILE = YES;
				MARKETING_VERSION = 1.0;
				PRODUCT_BUNDLE_IDENTIFIER = gabrielbarbosaapp.BuscarCepUITests;
				PRODUCT_NAME = "$(TARGET_NAME)";
				SWIFT_EMIT_LOC_STRINGS = NO;
				SWIFT_VERSION = 5.0;
				TARGETED_DEVICE_FAMILY = "1,2";
				TEST_TARGET_NAME = BuscarCep;
			};
			name = Release;
		};
/* End XCBuildConfiguration section */

/* Begin XCConfigurationList section */
		C81E54952BF3FA2C00AC973C /* Build configuration list for PBXProject "BuscarCep" */ = {
			isa = XCConfigurationList;
			buildConfigurations = (
				C81E54BC2BF3FA2F00AC973C /* Debug */,
				C81E54BD2BF3FA2F00AC973C /* Release */,
			);
			defaultConfigurationIsVisible = 0;
			defaultConfigurationName = Release;
		};
		C81E54BE2BF3FA2F00AC973C /* Build configuration list for PBXNativeTarget "BuscarCep" */ = {
			isa = XCConfigurationList;
			buildConfigurations = (
				C81E54BF2BF3FA2F00AC973C /* Debug */,
				C81E54C02BF3FA2F00AC973C /* Release */,
			);
			defaultConfigurationIsVisible = 0;
			defaultConfigurationName = Release;
		};
		C81E54C12BF3FA2F00AC973C /* Build configuration list for PBXNativeTarget "BuscarCepTests" */ = {
			isa = XCConfigurationList;
			buildConfigurations = (
				C81E54C22BF3FA2F00AC973C /* Debug */,
				C81E54C32BF3FA2F00AC973C /* Release */,
			);
			defaultConfigurationIsVisible = 0;
			defaultConfigurationName = Release;
		};
		C81E54C42BF3FA2F00AC973C /* Build configuration list for PBXNativeTarget "BuscarCepUITests" */ = {
			isa = XCConfigurationList;
			buildConfigurations = (
				C81E54C52BF3FA2F00AC973C /* Debug */,
				C81E54C62BF3FA2F00AC973C /* Release */,
			);
			defaultConfigurationIsVisible = 0;
			defaultConfigurationName = Release;
		};
/* End XCConfigurationList section */
	};
	rootObject = C81E54922BF3FA2C00AC973C /* Project object */;
}
